{
  "lib/chainlink-brownie-contracts": {
    "tag": {
      "name": "0.6.1",
      "rev": "c6d0ca512f1b09d93bc81415d246dbee7e5c6894"
    }
  },
  "lib/forge-std": {
    "tag": {
      "name": "v1.14.0",
      "rev": "1801b0541f4fda118a10798fd3486bb7051c5dd6"
    }
  },
  "lib/openzeppelin-contracts": {
    "tag": {
      "name": "v4.8.2",
      "rev": "d00acef4059807535af0bd0dd0ddf619747a044b"
    }
  },
  "lib/openzeppelin-contracts-upgradeable": {
    "tag": {
      "name": "v4.8.2",
      "rev": "f6c4c9c4ec601665ca74d2c9dddf547fc425658c"
    }
  },
  "lib/swap-router-contracts": {
    "tag": {
      "name": "v1.3.0",
      "rev": "c696aada49b33c8e764e6f0bd0a0a56bd8aa455f"
    }
  },
  "lib/v3-core": {
    "tag": {
      "name": "v1.0.0",
      "rev": "e3589b192d0be27e100cd0daaf6c97204fdb1899"
    }
  },
  "lib/v3-periphery": {
    "tag": {
      "name": "v1.3.0",
      "rev": "80f26c86c57b8a5e4b913f42844d4c8bd274d058"
    }
  }
}